{
  "nodes": {
    "home-manager": {
      "inputs": {
        "nixpkgs": [
          "nixpkgs"
        ]
      },
      "locked": {
        "lastModified": 1606860459,
        "narHash": "sha256-Y3PtSmLjVMxky7NbmGg30f7ZKx1oNdPTsksEG37gLKU=",
        "owner": "nix-community",
        "repo": "home-manager",
        "rev": "06543644266edcf845ac912002868246b58d19e6",
        "type": "github"
      },
      "original": {
        "owner": "nix-community",
        "repo": "home-manager",
        "type": "github"
      }
    },
    "nixos-hardware": {
      "locked": {
        "lastModified": 1606843035,
        "narHash": "sha256-KjfBZWyTzLI8/mGgG1zVK4qIsA853HB/8TYkpZdf/ng=",
        "owner": "NixOS",
        "repo": "nixos-hardware",
        "rev": "025c7a2a7efd9edf341879dbd46988d3a65a76dc",
        "type": "github"
      },
      "original": {
        "owner": "NixOS",
        "ref": "master",
        "repo": "nixos-hardware",
        "type": "github"
      }
    },
    "nixpkgs": {
      "locked": {
        "lastModified": 1606725183,
        "narHash": "sha256-QIdgDJUnT/Gq8vURmQqy1tTVpI0cWryoD9/auCAkQbE=",
        "owner": "nixos",
        "repo": "nixpkgs",
        "rev": "24eb3f87fc610f18de7076aee7c5a84ac5591e3e",
        "type": "github"
      },
      "original": {
        "owner": "nixos",
        "ref": "nixos-unstable",
        "repo": "nixpkgs",
        "type": "github"
      }
    },
    "root": {
      "inputs": {
        "home-manager": "home-manager",
        "nixos-hardware": "nixos-hardware",
        "nixpkgs": "nixpkgs"
      }
    }
  },
  "root": "root",
  "version": 7
}
