{
  "nodes": {
    "home-manager": {
      "inputs": {
        "nixpkgs": [
          "nixpkgs"
        ]
      },
      "locked": {
        "lastModified": 1606046962,
        "narHash": "sha256-244JrrVFht/VMRItDcDlrcwejqpqJInDUWA/x6mucW4=",
        "owner": "nix-community",
        "repo": "home-manager",
        "rev": "a3a0f1289acac24ce2ffe0481bf8cabd3a6ccc64",
        "type": "github"
      },
      "original": {
        "owner": "nix-community",
        "repo": "home-manager",
        "type": "github"
      }
    },
    "nixos-hardware": {
      "locked": {
        "lastModified": 1606379629,
        "narHash": "sha256-Km8fqZnhve84HBue9FdGdpXjG2eR8YCJQp1lZstaGRs=",
        "owner": "NixOS",
        "repo": "nixos-hardware",
        "rev": "abfae8841bcf6368c89366a100232e05d676e114",
        "type": "github"
      },
      "original": {
        "owner": "NixOS",
        "ref": "master",
        "repo": "nixos-hardware",
        "type": "github"
      }
    },
    "nixpkgs": {
      "locked": {
        "lastModified": 1606603960,
        "narHash": "sha256-WzH/pVbavwgswJiU72lJoUOwP/6cWKNN9v/+Wku+UJc=",
        "owner": "nixos",
        "repo": "nixpkgs",
        "rev": "11b75530a1fff2ef44c2d6dab55c9fdbfb1263fc",
        "type": "github"
      },
      "original": {
        "owner": "nixos",
        "ref": "nixos-unstable",
        "repo": "nixpkgs",
        "type": "github"
      }
    },
    "root": {
      "inputs": {
        "home-manager": "home-manager",
        "nixos-hardware": "nixos-hardware",
        "nixpkgs": "nixpkgs"
      }
    }
  },
  "root": "root",
  "version": 7
}
